// !$*UTF8*$!
{
	archiveVersion = 1;
	classes = {
	};
	objectVersion = 77;
	objects = {

/* Begin PBXBuildFile section */
		040C1B465BBF9CDEDF000CCD /* ActivityLogsView.swift in Sources */ = {isa = PBXBuildFile; fileRef = C022DD3ABEFB2F9B7AD38355 /* ActivityLogsView.swift */; };
		07549C6F481951A912F9ECEC /* ActivityLog.swift in Sources */ = {isa = PBXBuildFile; fileRef = 88C594CA72D48122B0D50169 /* ActivityLog.swift */; };
		09BE6FE2E56BFD9B7C1144A2 /* InstitutionAccountHUD.swift in Sources */ = {isa = PBXBuildFile; fileRef = 2E4DFF2E12CA02748A1371FB /* InstitutionAccountHUD.swift */; };
		0BFFDDE1FF715E861E2482EB /* CompanyAvatar.swift in Sources */ = {isa = PBXBuildFile; fileRef = 96AFA05E28920F297646C677 /* CompanyAvatar.swift */; };
		0E12DFAB3B1D3B37EB2CE881 /* EditCardSheet.swift in Sources */ = {isa = PBXBuildFile; fileRef = 80C5721AAFA5C0FA7BE0DD68 /* EditCardSheet.swift */; };
		0E12DFAC3B1D3B37EB2CE882 /* CardScannerView.swift in Sources */ = {isa = PBXBuildFile; fileRef = 80C5721BAFA5C0FA7BE0DD69 /* CardScannerView.swift */; };
		0FCDDFBF48121C0333B66A5B /* EditInstitutionSheet.swift in Sources */ = {isa = PBXBuildFile; fileRef = BDBCB5764099D4AE9682B4E0 /* EditInstitutionSheet.swift */; };
		11C307B50284B8741303CEFA /* LoanPaymentsLedgerView.swift in Sources */ = {isa = PBXBuildFile; fileRef = AE0F04DC776E814CFF7A687D /* LoanPaymentsLedgerView.swift */; };
		1220409E829B6826E5F98B62 /* make_symbol.py in Resources */ = {isa = PBXBuildFile; fileRef = 2F29D9FCB918B70318DBED51 /* make_symbol.py */; };
		1236B3FD91C4A1A1168A6272 /* Supabase in Frameworks */ = {isa = PBXBuildFile; productRef = 2B6CE6B7CD844A5737460A2C /* Supabase */; };
		12D549DB5F31C13636000491 /* AuthViewModel.swift in Sources */ = {isa = PBXBuildFile; fileRef = 4C3A8B1889223B777ECDA81B /* AuthViewModel.swift */; };
		14A2247437EA0CAD1549F8A6 /* InstitutionAccountsSection.swift in Sources */ = {isa = PBXBuildFile; fileRef = 54774DFBBCD027BA0D258CD4 /* InstitutionAccountsSection.swift */; };
		150D6ECC5C371A409D1022BD /* ActivityLogsView.swift in Sources */ = {isa = PBXBuildFile; fileRef = CC66ED993A18713ED859F4C2 /* ActivityLogsView.swift */; };
		189E1829B80CB9B844D8C41E /* LinkKit in Frameworks */ = {isa = PBXBuildFile; productRef = A552648B2364521A312D20B0 /* LinkKit */; };
		207C9BFEFAC75097C2826E47 /* SubscriptionReceiptView.swift in Sources */ = {isa = PBXBuildFile; fileRef = C2E5474636781197EFD277E8 /* SubscriptionReceiptView.swift */; };
		22D969D0670A82296E3CCE6B /* Loan.swift in Sources */ = {isa = PBXBuildFile; fileRef = D89FF19CB274064BB06D6017 /* Loan.swift */; };
		24A7E43856B3A1263C086E64 /* SharedItemOverrideBanner.swift in Sources */ = {isa = PBXBuildFile; fileRef = 9E67F6233E34F02957BC04A3 /* SharedItemOverrideBanner.swift */; };
		24BD94852802E5649BA31668 /* AppState.swift in Sources */ = {isa = PBXBuildFile; fileRef = 9E1FB05FF46D194404F4544A /* AppState.swift */; };
		2B70095DAD91F32DD56DE591 /* PlaidLinkButton.swift in Sources */ = {isa = PBXBuildFile; fileRef = 2977C629E97631FFAE00EEFD /* PlaidLinkButton.swift */; };
		2C3A0A6F5F8542F4BC590FC1 /* SandboxSeeder.swift in Sources */ = {isa = PBXBuildFile; fileRef = 3A535B55E87E3170B0FCDF4C /* SandboxSeeder.swift */; };
		2D36949DE96309F0EA2BEEB1 /* FinancialCardHUD.swift in Sources */ = {isa = PBXBuildFile; fileRef = 0B3404CEE7CFA7CC4809F14D /* FinancialCardHUD.swift */; };
		35D7AD052A31B0416172216F /* miloom.console.svg in Resources */ = {isa = PBXBuildFile; fileRef = 92717522EB1C824EB367EF4D /* miloom.console.svg */; };
		36AB8B6A02E69F639D65509F /* LoanHUD.swift in Sources */ = {isa = PBXBuildFile; fileRef = E37853EBF92DDAF1AC5B60F9 /* LoanHUD.swift */; };
		371AC08147C6E7EC3920E8DB /* ZifrApp.swift in Sources */ = {isa = PBXBuildFile; fileRef = 413C5A710215BBAF96C2E51F /* ZifrApp.swift */; };
		37B0F281A99CE1B9EE9F767B /* EntityFinancialSection.swift in Sources */ = {isa = PBXBuildFile; fileRef = EADD3910E456306839C231FF /* EntityFinancialSection.swift */; };
		3AF0A84AEBE96A22545D0039 /* CloudSharingView.swift in Sources */ = {isa = PBXBuildFile; fileRef = 8F3768F1DD23EBF603D6EDDB /* CloudSharingView.swift */; };
		406D74E6936B09401F18B8A8 /* patch_svg2.py in Resources */ = {isa = PBXBuildFile; fileRef = AF3E68AC8EB242191A2179B1 /* patch_svg2.py */; };
		40C9CCA521F7F73BCCBDB876 /* InstitutionCardsSection.swift in Sources */ = {isa = PBXBuildFile; fileRef = 246C3FC623F0712EFC4736F7 /* InstitutionCardsSection.swift */; };
		46CFAE72D8A339D9D82C3BFC /* FinancialView.swift in Sources */ = {isa = PBXBuildFile; fileRef = D41C9EDA3C03BC51214E35D5 /* FinancialView.swift */; };
		4A16AEBEDD46F3A2F0A25E0E /* DeleteAccountView.swift in Sources */ = {isa = PBXBuildFile; fileRef = E887249A0FFD7B7E241F697F /* DeleteAccountView.swift */; };
		513378D112E827E79B6F1F5A /* ActivityLogsView.swift in Sources */ = {isa = PBXBuildFile; fileRef = 7D5A707FAC0A5EAF6CD9EDA1 /* ActivityLogsView.swift */; };
		53CC3CCB9973D82B1584B025 /* PlaidService.swift in Sources */ = {isa = PBXBuildFile; fileRef = FCF8AFCC4B90998C49582363 /* PlaidService.swift */; };
		5921C64C073EA205947D4777 /* DataRepository.swift in Sources */ = {isa = PBXBuildFile; fileRef = C9E5CF10B11366A7F77DE656 /* DataRepository.swift */; };
		5970666C186E2CA75860907F /* CompanyDocument.swift in Sources */ = {isa = PBXBuildFile; fileRef = C9AA15572DE4A8323574FF99 /* CompanyDocument.swift */; };
		5EBA22404FBAACD632D6D989 /* SupabaseService.swift in Sources */ = {isa = PBXBuildFile; fileRef = 0931BDA073A93591B071DF97 /* SupabaseService.swift */; };
		656E6D3AAA4F61BC73C58401 /* CompanyCardView.swift in Sources */ = {isa = PBXBuildFile; fileRef = 73663491A43CB99703F9853B /* CompanyCardView.swift */; };
		67636BB971C2E199B6398175 /* Date+Formatting.swift in Sources */ = {isa = PBXBuildFile; fileRef = C1CA7408BE63B84A63BABDB8 /* Date+Formatting.swift */; };
		69D91C3C7B5CDA51965F9B7C /* GeminiLiveModels.swift in Sources */ = {isa = PBXBuildFile; fileRef = 2E25EDBCCD886BA5EE5BA4F7 /* GeminiLiveModels.swift */; };
		6C46EFBD69964364C9C5EDB4 /* PremiumUpgradeView.swift in Sources */ = {isa = PBXBuildFile; fileRef = A16D6BBDF83C69BAE06B41FC /* PremiumUpgradeView.swift */; };
		70EE39CA7BCCCD2D63E45822 /* View+Glass.swift in Sources */ = {isa = PBXBuildFile; fileRef = 7AD6CB05D630BFE8F57AD702 /* View+Glass.swift */; };
		72BC06A839A641B99C1899EF /* TutorialSheetView.swift in Sources */ = {isa = PBXBuildFile; fileRef = 59350929451728D7E6E54F26 /* TutorialSheetView.swift */; };
		73D5A6C76807E119730217CA /* EntityHomeViewModel.swift in Sources */ = {isa = PBXBuildFile; fileRef = 49911BBD98F14E05FC2A96B7 /* EntityHomeViewModel.swift */; };
		74D76977C55D740A6CB6337A /* FinancialCardVisual.swift in Sources */ = {isa = PBXBuildFile; fileRef = 6270511A82E324E0EC29FE87 /* FinancialCardVisual.swift */; };
		77DAA496C236F6E1F48B4E25 /* RootView.swift in Sources */ = {isa = PBXBuildFile; fileRef = 48FACB377EF3DEDCA10F5A3E /* RootView.swift */; };
		7C20858C14F22D7330FC76BE /* SharedComponents.swift in Sources */ = {isa = PBXBuildFile; fileRef = FB03F357FB890C8E4972D112 /* SharedComponents.swift */; };
		7C8880D956CBD98BEEFA0F69 /* GlobalSearchView.swift in Sources */ = {isa = PBXBuildFile; fileRef = E0616C7556254F7EE8C39FF3 /* GlobalSearchView.swift */; };
		7CCEAABFA9D6A6E79EE5F208 /* LoginView.swift in Sources */ = {isa = PBXBuildFile; fileRef = A805E3AF7A5C2535E780EF24 /* LoginView.swift */; };
		7F5587DB6B51FFC6F517FD51 /* SubscriptionListView.swift in Sources */ = {isa = PBXBuildFile; fileRef = E254651338FC3ED687C1BF3F /* SubscriptionListView.swift */; };
		7FFDE677BAC44E67A0FFA844 /* AddSubscriptionWizard.swift in Sources */ = {isa = PBXBuildFile; fileRef = 963885CDE8BC1E19192BDAEC /* AddSubscriptionWizard.swift */; };
		809A04619167553B473B316F /* EntityDocumentSection.swift in Sources */ = {isa = PBXBuildFile; fileRef = 2348CF988672E52D0C0A67C9 /* EntityDocumentSection.swift */; };
		8A070A7615864E49CB8499F5 /* AudioCaptureManager.swift in Sources */ = {isa = PBXBuildFile; fileRef = D566C75171D24A33263FD868 /* AudioCaptureManager.swift */; };
		8AFCA9C0E6F4B81083C49B31 /* AudioPlaybackManager.swift in Sources */ = {isa = PBXBuildFile; fileRef = 035737E80A51990996AF6F2E /* AudioPlaybackManager.swift */; };
		8C6E420FD79CFF06AB7AF830 /* ForgotPasswordSheet.swift in Sources */ = {isa = PBXBuildFile; fileRef = 227F3111EFA9B5F57450796E /* ForgotPasswordSheet.swift */; };
		8D148D138EA70E05BAE81DCC /* AddFinancialWizard.swift in Sources */ = {isa = PBXBuildFile; fileRef = 8C7D524ABF1B87C51AF7A4F0 /* AddFinancialWizard.swift */; };
		8FDA92009DE2B8708CCEC374 /* FinancialCard.swift in Sources */ = {isa = PBXBuildFile; fileRef = 0F35D3D91F4D431D42B40709 /* FinancialCard.swift */; };
		9102B68AD2A515E65924160E /* HomeRenewalParser.swift in Sources */ = {isa = PBXBuildFile; fileRef = 9D855706F59A3903694ED1DB /* HomeRenewalParser.swift */; };
		94EAFF286FE05D22665C6B45 /* CompanyDetailView.swift in Sources */ = {isa = PBXBuildFile; fileRef = 556340A3A5DAA4657EC93B4C /* CompanyDetailView.swift */; };
		95ED5E78DF0FB2BF6BE116C5 /* PremiumSubscriptionCard.swift in Sources */ = {isa = PBXBuildFile; fileRef = 78234E057971B6C798716C8A /* PremiumSubscriptionCard.swift */; };
		97F4951B0BB0D4281C26DBAE /* Subscription.swift in Sources */ = {isa = PBXBuildFile; fileRef = BB13F6178324168ED9317DB1 /* Subscription.swift */; };
		9A7B54181BD07A78D10F084A /* FinancialCardView.swift in Sources */ = {isa = PBXBuildFile; fileRef = 88F0A2079C593115BD54D73D /* FinancialCardView.swift */; };
		9B00DF7E0D111A0B13F45A72 /* LoanPaymentHUD.swift in Sources */ = {isa = PBXBuildFile; fileRef = 51709EB17732D39C82A99011 /* LoanPaymentHUD.swift */; };
		9E040A6F88CC7D7A62E89E4D /* EditCompanySheet.swift in Sources */ = {isa = PBXBuildFile; fileRef = 186B017061EAE6E89C627CA7 /* EditCompanySheet.swift */; };
		9F8AB0B20BB460B7A553892B /* Assets.xcassets in Resources */ = {isa = PBXBuildFile; fileRef = 71651E9BD50563BBC43440CD /* Assets.xcassets */; };
		A0B2A5A9ED1C02486EF9C924 /* InstitutionCardView.swift in Sources */ = {isa = PBXBuildFile; fileRef = 8420D6DD0A4EDC3376B8642A /* InstitutionCardView.swift */; };
		A11DE0D539BEB2F0016966BF /* ActivityLog.swift in Sources */ = {isa = PBXBuildFile; fileRef = 82874C2FA810A11EFA0AFE8B /* ActivityLog.swift */; };
		A32D11858DDB46DD8DE60746 /* EntityHomeView.swift in Sources */ = {isa = PBXBuildFile; fileRef = 2CF48E4CD47CB8708C09D8A6 /* EntityHomeView.swift */; };
		A6B2302D278D7081A58C3C68 /* InstitutionLoansSection.swift in Sources */ = {isa = PBXBuildFile; fileRef = 5A82B3A6CDCB537466084741 /* InstitutionLoansSection.swift */; };
		AA347BC4FF41CCA325EC3B99 /* patch.py in Resources */ = {isa = PBXBuildFile; fileRef = 90DB2F263B4BBBE8096C1D54 /* patch.py */; };
		ABA2C5C643E4E50FCA14EF7F /* EditSubscriptionSheet.swift in Sources */ = {isa = PBXBuildFile; fileRef = 99D7628D8C499839405F0CB0 /* EditSubscriptionSheet.swift */; };
		B32A5DEDA68DB7F2A6A8D593 /* logo.png in Resources */ = {isa = PBXBuildFile; fileRef = 06F23A18826AE30784B43EF1 /* logo.png */; };
		B3A8909C689D31BD31D17AE7 /* LoanCardView.swift in Sources */ = {isa = PBXBuildFile; fileRef = 206BF5A20D625639D22919AC /* LoanCardView.swift */; };
		B4E35BB704A7A07FF4050F2A /* AssistantOnboardingView.swift in Sources */ = {isa = PBXBuildFile; fileRef = 87AD7276DE1CE262ED62428E /* AssistantOnboardingView.swift */; };
		B6582BA1C78A9599865EC1D8 /* AppNotification.swift in Sources */ = {isa = PBXBuildFile; fileRef = 0FF914A66D8DE13EC1D9C345 /* AppNotification.swift */; };
		BA57027EA5350F4639B6C911 /* Company.swift in Sources */ = {isa = PBXBuildFile; fileRef = 75FA7DD2F2423504DA06F6D9 /* Company.swift */; };
		BB11223344556677889900BB /* DetectedSubscriptionsView.swift in Sources */ = {isa = PBXBuildFile; fileRef = AA11223344556677889900AA /* DetectedSubscriptionsView.swift */; };
		BD36B621F86387C0246A6622 /* DashboardView.swift in Sources */ = {isa = PBXBuildFile; fileRef = 9602D7532DE04DFA8294ACAE /* DashboardView.swift */; };
		C039D8C90239DB0F79A528D1 /* GoogleSignIn in Frameworks */ = {isa = PBXBuildFile; productRef = 9C3A87C6A9399B175E90556D /* GoogleSignIn */; };
		C0602B559E7624043CF0A151 /* Color+Zifr.swift in Sources */ = {isa = PBXBuildFile; fileRef = 3141954F83AF71011D282471 /* Color+Zifr.swift */; };
		C17CE6E90B2016E15BF600A8 /* SharedItemCardView.swift in Sources */ = {isa = PBXBuildFile; fileRef = 7B71EF771688F43D6934DFB6 /* SharedItemCardView.swift */; };
		C2A80EF26F1341EAEA278F1D /* ResetPasswordSheet.swift in Sources */ = {isa = PBXBuildFile; fileRef = CB6907BC498BB2697B95920A /* ResetPasswordSheet.swift */; };
		C7C30C6E7A58FB2F27CD53A8 /* patch_svg.py in Resources */ = {isa = PBXBuildFile; fileRef = 0BC09D962F2587315597B9DD /* patch_svg.py */; };
		CBCCF60367A5BD08461E105B /* AdminSettingsView.swift in Sources */ = {isa = PBXBuildFile; fileRef = 032520FD864A3B1FF73C81A0 /* AdminSettingsView.swift */; };
		CD0308E14A8A6FD71D3348AC /* CompanyMetaSheet.swift in Sources */ = {isa = PBXBuildFile; fileRef = 28AA97D0931C9A2302F11955 /* CompanyMetaSheet.swift */; };
		D6AFA52C2ADFDF00DC72DC85 /* EntitySubscriptionSection.swift in Sources */ = {isa = PBXBuildFile; fileRef = 9527B3A94D5AF9697F46A147 /* EntitySubscriptionSection.swift */; };
		D700225A0629126977797528 /* PulsingOrbView.swift in Sources */ = {isa = PBXBuildFile; fileRef = EB1B29DAC60F037256F73FC3 /* PulsingOrbView.swift */; };
		DBF7B3F9D3433E1CA369520D /* OnboardingStateManager.swift in Sources */ = {isa = PBXBuildFile; fileRef = D1A73D787862A2955DEB8BEA /* OnboardingStateManager.swift */; };
		DEB7FEBFA4823EF00C95AB90 /* ZifrSwipeActions.swift in Sources */ = {isa = PBXBuildFile; fileRef = 61A850DC5075A689B18E8282 /* ZifrSwipeActions.swift */; };
		DEEB7F47CBCE5D07C0F17701 /* Institution.swift in Sources */ = {isa = PBXBuildFile; fileRef = 008FF13CD7DB43FB47297A75 /* Institution.swift */; };
		E03225E193203FE61013AC61 /* HomeBillingTimeline.swift in Sources */ = {isa = PBXBuildFile; fileRef = E5ACE6215663A4836222052E /* HomeBillingTimeline.swift */; };
		E30DF1991208D368B9CFA9B6 /* EditProfileView.swift in Sources */ = {isa = PBXBuildFile; fileRef = 94404D955B8D06F50A12AB6D /* EditProfileView.swift */; };
		E47D3D940DF56A8FE62E9AF8 /* DocumentScannerService.swift in Sources */ = {isa = PBXBuildFile; fileRef = ED204010D74AB9325095BD9A /* DocumentScannerService.swift */; };
		E4899788A1B2E80B89DBC55B /* EditLoanSheet.swift in Sources */ = {isa = PBXBuildFile; fileRef = C8AE50B1DF4829E44C696A33 /* EditLoanSheet.swift */; };
		E86994340C958D7C23B0A92A /* StackedInstitutionDeckView.swift in Sources */ = {isa = PBXBuildFile; fileRef = CFBEB3A6723B073A9EA5CEFD /* StackedInstitutionDeckView.swift */; };
		E8C0EDD7920B1ECC3814BB0E /* FinancialReceiptView.swift in Sources */ = {isa = PBXBuildFile; fileRef = F564E5574B9B03EDA84362FA /* FinancialReceiptView.swift */; };
		E9C91760B61AA7765091D5E9 /* SpotlightOverlay.swift in Sources */ = {isa = PBXBuildFile; fileRef = 5B13CF9B64BA8A6907DE1803 /* SpotlightOverlay.swift */; };
		F2ECD35FF479C6DACC511E83 /* patch2.py in Resources */ = {isa = PBXBuildFile; fileRef = 0ACC52E30ED6C458351E1CC0 /* patch2.py */; };
		F3C8F7FCF07D7EB18920A54B /* ActivityLog.swift in Sources */ = {isa = PBXBuildFile; fileRef = 4101F9620312FEC6BD9A1DD3 /* ActivityLog.swift */; };
		F3D4FC31B24A27032848AF07 /* GeminiService.swift in Sources */ = {isa = PBXBuildFile; fileRef = D2D29FAAC42DB16C9DB89283 /* GeminiService.swift */; };
		F583B5C82FBD983E6CA21FB5 /* DocumentListView.swift in Sources */ = {isa = PBXBuildFile; fileRef = DE716A0EE836D6C85D35CA28 /* DocumentListView.swift */; };
		F705C282AF1344042610936A /* AppViewModel.swift in Sources */ = {isa = PBXBuildFile; fileRef = 708E295DDABD085515D80626 /* AppViewModel.swift */; };
		FC2184DCACD5FE946FD1A704 /* GeminiLiveClient.swift in Sources */ = {isa = PBXBuildFile; fileRef = 0F79056214FD3154519E3427 /* GeminiLiveClient.swift */; };
/* End PBXBuildFile section */

/* Begin PBXFileReference section */
		008FF13CD7DB43FB47297A75 /* Institution.swift */ = {isa = PBXFileReference; lastKnownFileType = sourcecode.swift; path = Institution.swift; sourceTree = "<group>"; };
		032520FD864A3B1FF73C81A0 /* AdminSettingsView.swift */ = {isa = PBXFileReference; lastKnownFileType = sourcecode.swift; path = AdminSettingsView.swift; sourceTree = "<group>"; };
		035737E80A51990996AF6F2E /* AudioPlaybackManager.swift */ = {isa = PBXFileReference; lastKnownFileType = sourcecode.swift; path = AudioPlaybackManager.swift; sourceTree = "<group>"; };
		03CAB6D4DDF65D7F0680343C /* Zifr.app */ = {isa = PBXFileReference; explicitFileType = wrapper.application; includeInIndex = 0; path = Zifr.app; sourceTree = BUILT_PRODUCTS_DIR; };
		06F23A18826AE30784B43EF1 /* logo.png */ = {isa = PBXFileReference; lastKnownFileType = image.png; path = logo.png; sourceTree = "<group>"; };
		0931BDA073A93591B071DF97 /* SupabaseService.swift */ = {isa = PBXFileReference; lastKnownFileType = sourcecode.swift; path = SupabaseService.swift; sourceTree = "<group>"; };
		0ACC52E30ED6C458351E1CC0 /* patch2.py */ = {isa = PBXFileReference; lastKnownFileType = text.script.python; path = patch2.py; sourceTree = "<group>"; };
		0B3404CEE7CFA7CC4809F14D /* FinancialCardHUD.swift */ = {isa = PBXFileReference; lastKnownFileType = sourcecode.swift; path = FinancialCardHUD.swift; sourceTree = "<group>"; };
		0BC09D962F2587315597B9DD /* patch_svg.py */ = {isa = PBXFileReference; lastKnownFileType = text.script.python; path = patch_svg.py; sourceTree = "<group>"; };
		0F35D3D91F4D431D42B40709 /* FinancialCard.swift */ = {isa = PBXFileReference; lastKnownFileType = sourcecode.swift; path = FinancialCard.swift; sourceTree = "<group>"; };
		0F79056214FD3154519E3427 /* GeminiLiveClient.swift */ = {isa = PBXFileReference; lastKnownFileType = sourcecode.swift; path = GeminiLiveClient.swift; sourceTree = "<group>"; };
		0FF914A66D8DE13EC1D9C345 /* AppNotification.swift */ = {isa = PBXFileReference; includeInIndex = 1; lastKnownFileType = sourcecode.swift; path = AppNotification.swift; sourceTree = "<group>"; };
		186B017061EAE6E89C627CA7 /* EditCompanySheet.swift */ = {isa = PBXFileReference; lastKnownFileType = sourcecode.swift; path = EditCompanySheet.swift; sourceTree = "<group>"; };
		206BF5A20D625639D22919AC /* LoanCardView.swift */ = {isa = PBXFileReference; lastKnownFileType = sourcecode.swift; path = LoanCardView.swift; sourceTree = "<group>"; };
		227F3111EFA9B5F57450796E /* ForgotPasswordSheet.swift */ = {isa = PBXFileReference; includeInIndex = 1; lastKnownFileType = sourcecode.swift; path = ForgotPasswordSheet.swift; sourceTree = "<group>"; };
		2348CF988672E52D0C0A67C9 /* EntityDocumentSection.swift */ = {isa = PBXFileReference; lastKnownFileType = sourcecode.swift; path = EntityDocumentSection.swift; sourceTree = "<group>"; };
		246C3FC623F0712EFC4736F7 /* InstitutionCardsSection.swift */ = {isa = PBXFileReference; lastKnownFileType = sourcecode.swift; path = InstitutionCardsSection.swift; sourceTree = "<group>"; };
		28AA97D0931C9A2302F11955 /* CompanyMetaSheet.swift */ = {isa = PBXFileReference; lastKnownFileType = sourcecode.swift; path = CompanyMetaSheet.swift; sourceTree = "<group>"; };
		2977C629E97631FFAE00EEFD /* PlaidLinkButton.swift */ = {isa = PBXFileReference; lastKnownFileType = sourcecode.swift; path = PlaidLinkButton.swift; sourceTree = "<group>"; };
		2CF48E4CD47CB8708C09D8A6 /* EntityHomeView.swift */ = {isa = PBXFileReference; lastKnownFileType = sourcecode.swift; path = EntityHomeView.swift; sourceTree = "<group>"; };
		2E23D2AE452D41F40D63BCAE /* Zifr.entitlements */ = {isa = PBXFileReference; lastKnownFileType = text.plist.entitlements; path = Zifr.entitlements; sourceTree = "<group>"; };
		2E25EDBCCD886BA5EE5BA4F7 /* GeminiLiveModels.swift */ = {isa = PBXFileReference; lastKnownFileType = sourcecode.swift; path = GeminiLiveModels.swift; sourceTree = "<group>"; };
		2E4DFF2E12CA02748A1371FB /* InstitutionAccountHUD.swift */ = {isa = PBXFileReference; lastKnownFileType = sourcecode.swift; path = InstitutionAccountHUD.swift; sourceTree = "<group>"; };
		2F29D9FCB918B70318DBED51 /* make_symbol.py */ = {isa = PBXFileReference; lastKnownFileType = text.script.python; path = make_symbol.py; sourceTree = "<group>"; };
		3141954F83AF71011D282471 /* Color+Zifr.swift */ = {isa = PBXFileReference; lastKnownFileType = sourcecode.swift; path = "Color+Zifr.swift"; sourceTree = "<group>"; };
		3A535B55E87E3170B0FCDF4C /* SandboxSeeder.swift */ = {isa = PBXFileReference; includeInIndex = 1; lastKnownFileType = sourcecode.swift; path = SandboxSeeder.swift; sourceTree = "<group>"; };
		4101F9620312FEC6BD9A1DD3 /* ActivityLog.swift */ = {isa = PBXFileReference; includeInIndex = 1; lastKnownFileType = sourcecode.swift; path = ActivityLog.swift; sourceTree = "<group>"; };
		413C5A710215BBAF96C2E51F /* ZifrApp.swift */ = {isa = PBXFileReference; lastKnownFileType = sourcecode.swift; path = ZifrApp.swift; sourceTree = "<group>"; };
		48FACB377EF3DEDCA10F5A3E /* RootView.swift */ = {isa = PBXFileReference; lastKnownFileType = sourcecode.swift; path = RootView.swift; sourceTree = "<group>"; };
		49911BBD98F14E05FC2A96B7 /* EntityHomeViewModel.swift */ = {isa = PBXFileReference; lastKnownFileType = sourcecode.swift; path = EntityHomeViewModel.swift; sourceTree = "<group>"; };
		4C3A8B1889223B777ECDA81B /* AuthViewModel.swift */ = {isa = PBXFileReference; lastKnownFileType = sourcecode.swift; path = AuthViewModel.swift; sourceTree = "<group>"; };
		51709EB17732D39C82A99011 /* LoanPaymentHUD.swift */ = {isa = PBXFileReference; lastKnownFileType = sourcecode.swift; path = LoanPaymentHUD.swift; sourceTree = "<group>"; };
		54774DFBBCD027BA0D258CD4 /* InstitutionAccountsSection.swift */ = {isa = PBXFileReference; lastKnownFileType = sourcecode.swift; path = InstitutionAccountsSection.swift; sourceTree = "<group>"; };
		556340A3A5DAA4657EC93B4C /* CompanyDetailView.swift */ = {isa = PBXFileReference; lastKnownFileType = sourcecode.swift; path = CompanyDetailView.swift; sourceTree = "<group>"; };
		59350929451728D7E6E54F26 /* TutorialSheetView.swift */ = {isa = PBXFileReference; includeInIndex = 1; lastKnownFileType = sourcecode.swift; path = TutorialSheetView.swift; sourceTree = "<group>"; };
		5A82B3A6CDCB537466084741 /* InstitutionLoansSection.swift */ = {isa = PBXFileReference; lastKnownFileType = sourcecode.swift; path = InstitutionLoansSection.swift; sourceTree = "<group>"; };
		5B13CF9B64BA8A6907DE1803 /* SpotlightOverlay.swift */ = {isa = PBXFileReference; includeInIndex = 1; lastKnownFileType = sourcecode.swift; path = SpotlightOverlay.swift; sourceTree = "<group>"; };
		61A850DC5075A689B18E8282 /* ZifrSwipeActions.swift */ = {isa = PBXFileReference; lastKnownFileType = sourcecode.swift; path = ZifrSwipeActions.swift; sourceTree = "<group>"; };
		6270511A82E324E0EC29FE87 /* FinancialCardVisual.swift */ = {isa = PBXFileReference; lastKnownFileType = sourcecode.swift; path = FinancialCardVisual.swift; sourceTree = "<group>"; };
		708E295DDABD085515D80626 /* AppViewModel.swift */ = {isa = PBXFileReference; lastKnownFileType = sourcecode.swift; path = AppViewModel.swift; sourceTree = "<group>"; };
		71651E9BD50563BBC43440CD /* Assets.xcassets */ = {isa = PBXFileReference; lastKnownFileType = folder.assetcatalog; path = Assets.xcassets; sourceTree = "<group>"; };
		73663491A43CB99703F9853B /* CompanyCardView.swift */ = {isa = PBXFileReference; lastKnownFileType = sourcecode.swift; path = CompanyCardView.swift; sourceTree = "<group>"; };
		75FA7DD2F2423504DA06F6D9 /* Company.swift */ = {isa = PBXFileReference; lastKnownFileType = sourcecode.swift; path = Company.swift; sourceTree = "<group>"; };
		78234E057971B6C798716C8A /* PremiumSubscriptionCard.swift */ = {isa = PBXFileReference; lastKnownFileType = sourcecode.swift; path = PremiumSubscriptionCard.swift; sourceTree = "<group>"; };
		797AE05279D7D14F7410992C /* Secrets.local.xcconfig */ = {isa = PBXFileReference; lastKnownFileType = text.xcconfig; path = Secrets.local.xcconfig; sourceTree = "<group>"; };
		7AD6CB05D630BFE8F57AD702 /* View+Glass.swift */ = {isa = PBXFileReference; lastKnownFileType = sourcecode.swift; path = "View+Glass.swift"; sourceTree = "<group>"; };
		7B71EF771688F43D6934DFB6 /* SharedItemCardView.swift */ = {isa = PBXFileReference; includeInIndex = 1; lastKnownFileType = sourcecode.swift; path = SharedItemCardView.swift; sourceTree = "<group>"; };
		7D5A707FAC0A5EAF6CD9EDA1 /* ActivityLogsView.swift */ = {isa = PBXFileReference; includeInIndex = 1; lastKnownFileType = sourcecode.swift; path = ActivityLogsView.swift; sourceTree = "<group>"; };
		80C5721AAFA5C0FA7BE0DD68 /* EditCardSheet.swift */ = {isa = PBXFileReference; lastKnownFileType = sourcecode.swift; path = EditCardSheet.swift; sourceTree = "<group>"; };
		80C5721BAFA5C0FA7BE0DD69 /* CardScannerView.swift */ = {isa = PBXFileReference; lastKnownFileType = sourcecode.swift; path = CardScannerView.swift; sourceTree = "<group>"; };
		82874C2FA810A11EFA0AFE8B /* ActivityLog.swift */ = {isa = PBXFileReference; includeInIndex = 1; lastKnownFileType = sourcecode.swift; path = ActivityLog.swift; sourceTree = "<group>"; };
		8420D6DD0A4EDC3376B8642A /* InstitutionCardView.swift */ = {isa = PBXFileReference; lastKnownFileType = sourcecode.swift; path = InstitutionCardView.swift; sourceTree = "<group>"; };
		87AD7276DE1CE262ED62428E /* AssistantOnboardingView.swift */ = {isa = PBXFileReference; lastKnownFileType = sourcecode.swift; path = AssistantOnboardingView.swift; sourceTree = "<group>"; };
		88C594CA72D48122B0D50169 /* ActivityLog.swift */ = {isa = PBXFileReference; includeInIndex = 1; lastKnownFileType = sourcecode.swift; path = ActivityLog.swift; sourceTree = "<group>"; };
		88F0A2079C593115BD54D73D /* FinancialCardView.swift */ = {isa = PBXFileReference; lastKnownFileType = sourcecode.swift; path = FinancialCardView.swift; sourceTree = "<group>"; };
		8C7D524ABF1B87C51AF7A4F0 /* AddFinancialWizard.swift */ = {isa = PBXFileReference; lastKnownFileType = sourcecode.swift; path = AddFinancialWizard.swift; sourceTree = "<group>"; };
		8F3768F1DD23EBF603D6EDDB /* CloudSharingView.swift */ = {isa = PBXFileReference; lastKnownFileType = sourcecode.swift; path = CloudSharingView.swift; sourceTree = "<group>"; };
		90DB2F263B4BBBE8096C1D54 /* patch.py */ = {isa = PBXFileReference; lastKnownFileType = text.script.python; path = patch.py; sourceTree = "<group>"; };
		92717522EB1C824EB367EF4D /* miloom.console.svg */ = {isa = PBXFileReference; lastKnownFileType = text.xml; path = miloom.console.svg; sourceTree = "<group>"; };
		94404D955B8D06F50A12AB6D /* EditProfileView.swift */ = {isa = PBXFileReference; includeInIndex = 1; lastKnownFileType = sourcecode.swift; path = EditProfileView.swift; sourceTree = "<group>"; };
		9527B3A94D5AF9697F46A147 /* EntitySubscriptionSection.swift */ = {isa = PBXFileReference; lastKnownFileType = sourcecode.swift; path = EntitySubscriptionSection.swift; sourceTree = "<group>"; };
		9602D7532DE04DFA8294ACAE /* DashboardView.swift */ = {isa = PBXFileReference; lastKnownFileType = sourcecode.swift; path = DashboardView.swift; sourceTree = "<group>"; };
		963885CDE8BC1E19192BDAEC /* AddSubscriptionWizard.swift */ = {isa = PBXFileReference; lastKnownFileType = sourcecode.swift; path = AddSubscriptionWizard.swift; sourceTree = "<group>"; };
		96AFA05E28920F297646C677 /* CompanyAvatar.swift */ = {isa = PBXFileReference; lastKnownFileType = sourcecode.swift; path = CompanyAvatar.swift; sourceTree = "<group>"; };
		99D7628D8C499839405F0CB0 /* EditSubscriptionSheet.swift */ = {isa = PBXFileReference; lastKnownFileType = sourcecode.swift; path = EditSubscriptionSheet.swift; sourceTree = "<group>"; };
		9D855706F59A3903694ED1DB /* HomeRenewalParser.swift */ = {isa = PBXFileReference; lastKnownFileType = sourcecode.swift; path = HomeRenewalParser.swift; sourceTree = "<group>"; };
		9E1FB05FF46D194404F4544A /* AppState.swift */ = {isa = PBXFileReference; lastKnownFileType = sourcecode.swift; path = AppState.swift; sourceTree = "<group>"; };
		9E67F6233E34F02957BC04A3 /* SharedItemOverrideBanner.swift */ = {isa = PBXFileReference; includeInIndex = 1; lastKnownFileType = sourcecode.swift; path = SharedItemOverrideBanner.swift; sourceTree = "<group>"; };
		A16D6BBDF83C69BAE06B41FC /* PremiumUpgradeView.swift */ = {isa = PBXFileReference; includeInIndex = 1; lastKnownFileType = sourcecode.swift; path = PremiumUpgradeView.swift; sourceTree = "<group>"; };
		A805E3AF7A5C2535E780EF24 /* LoginView.swift */ = {isa = PBXFileReference; lastKnownFileType = sourcecode.swift; path = LoginView.swift; sourceTree = "<group>"; };
		AA11223344556677889900AA /* DetectedSubscriptionsView.swift */ = {isa = PBXFileReference; lastKnownFileType = sourcecode.swift; path = DetectedSubscriptionsView.swift; sourceTree = "<group>"; };
		AC3CC8DCAA09EB5F037AA043 /* .svg */ = {isa = PBXFileReference; lastKnownFileType = text.xml; path = .svg; sourceTree = "<group>"; };
		AE0F04DC776E814CFF7A687D /* LoanPaymentsLedgerView.swift */ = {isa = PBXFileReference; lastKnownFileType = sourcecode.swift; path = LoanPaymentsLedgerView.swift; sourceTree = "<group>"; };
		AF3E68AC8EB242191A2179B1 /* patch_svg2.py */ = {isa = PBXFileReference; lastKnownFileType = text.script.python; path = patch_svg2.py; sourceTree = "<group>"; };
		BB13F6178324168ED9317DB1 /* Subscription.swift */ = {isa = PBXFileReference; lastKnownFileType = sourcecode.swift; path = Subscription.swift; sourceTree = "<group>"; };
		BDBCB5764099D4AE9682B4E0 /* EditInstitutionSheet.swift */ = {isa = PBXFileReference; lastKnownFileType = sourcecode.swift; path = EditInstitutionSheet.swift; sourceTree = "<group>"; };
		C022DD3ABEFB2F9B7AD38355 /* ActivityLogsView.swift */ = {isa = PBXFileReference; includeInIndex = 1; lastKnownFileType = sourcecode.swift; path = ActivityLogsView.swift; sourceTree = "<group>"; };
		C1CA7408BE63B84A63BABDB8 /* Date+Formatting.swift */ = {isa = PBXFileReference; lastKnownFileType = sourcecode.swift; path = "Date+Formatting.swift"; sourceTree = "<group>"; };
		C2E5474636781197EFD277E8 /* SubscriptionReceiptView.swift */ = {isa = PBXFileReference; lastKnownFileType = sourcecode.swift; path = SubscriptionReceiptView.swift; sourceTree = "<group>"; };
		C8AE50B1DF4829E44C696A33 /* EditLoanSheet.swift */ = {isa = PBXFileReference; lastKnownFileType = sourcecode.swift; path = EditLoanSheet.swift; sourceTree = "<group>"; };
		C9AA15572DE4A8323574FF99 /* CompanyDocument.swift */ = {isa = PBXFileReference; lastKnownFileType = sourcecode.swift; path = CompanyDocument.swift; sourceTree = "<group>"; };
		C9E5CF10B11366A7F77DE656 /* DataRepository.swift */ = {isa = PBXFileReference; lastKnownFileType = sourcecode.swift; path = DataRepository.swift; sourceTree = "<group>"; };
		CB6907BC498BB2697B95920A /* ResetPasswordSheet.swift */ = {isa = PBXFileReference; includeInIndex = 1; lastKnownFileType = sourcecode.swift; path = ResetPasswordSheet.swift; sourceTree = "<group>"; };
		CC66ED993A18713ED859F4C2 /* ActivityLogsView.swift */ = {isa = PBXFileReference; includeInIndex = 1; lastKnownFileType = sourcecode.swift; path = ActivityLogsView.swift; sourceTree = "<group>"; };
		CFBEB3A6723B073A9EA5CEFD /* StackedInstitutionDeckView.swift */ = {isa = PBXFileReference; includeInIndex = 1; lastKnownFileType = sourcecode.swift; path = StackedInstitutionDeckView.swift; sourceTree = "<group>"; };
		D1A73D787862A2955DEB8BEA /* OnboardingStateManager.swift */ = {isa = PBXFileReference; includeInIndex = 1; lastKnownFileType = sourcecode.swift; path = OnboardingStateManager.swift; sourceTree = "<group>"; };
		D2D29FAAC42DB16C9DB89283 /* GeminiService.swift */ = {isa = PBXFileReference; lastKnownFileType = sourcecode.swift; path = GeminiService.swift; sourceTree = "<group>"; };
		D41C9EDA3C03BC51214E35D5 /* FinancialView.swift */ = {isa = PBXFileReference; lastKnownFileType = sourcecode.swift; path = FinancialView.swift; sourceTree = "<group>"; };
		D566C75171D24A33263FD868 /* AudioCaptureManager.swift */ = {isa = PBXFileReference; lastKnownFileType = sourcecode.swift; path = AudioCaptureManager.swift; sourceTree = "<group>"; };
		D89FF19CB274064BB06D6017 /* Loan.swift */ = {isa = PBXFileReference; lastKnownFileType = sourcecode.swift; path = Loan.swift; sourceTree = "<group>"; };
		DCADE3750A4CFA0353D88977 /* Info.plist */ = {isa = PBXFileReference; lastKnownFileType = text.plist; path = Info.plist; sourceTree = "<group>"; };
		DE716A0EE836D6C85D35CA28 /* DocumentListView.swift */ = {isa = PBXFileReference; lastKnownFileType = sourcecode.swift; path = DocumentListView.swift; sourceTree = "<group>"; };
		E0616C7556254F7EE8C39FF3 /* GlobalSearchView.swift */ = {isa = PBXFileReference; lastKnownFileType = sourcecode.swift; path = GlobalSearchView.swift; sourceTree = "<group>"; };
		E254651338FC3ED687C1BF3F /* SubscriptionListView.swift */ = {isa = PBXFileReference; lastKnownFileType = sourcecode.swift; path = SubscriptionListView.swift; sourceTree = "<group>"; };
		E37853EBF92DDAF1AC5B60F9 /* LoanHUD.swift */ = {isa = PBXFileReference; lastKnownFileType = sourcecode.swift; path = LoanHUD.swift; sourceTree = "<group>"; };
		E5ACE6215663A4836222052E /* HomeBillingTimeline.swift */ = {isa = PBXFileReference; lastKnownFileType = sourcecode.swift; path = HomeBillingTimeline.swift; sourceTree = "<group>"; };
		E887249A0FFD7B7E241F697F /* DeleteAccountView.swift */ = {isa = PBXFileReference; includeInIndex = 1; lastKnownFileType = sourcecode.swift; path = DeleteAccountView.swift; sourceTree = "<group>"; };
		EADD3910E456306839C231FF /* EntityFinancialSection.swift */ = {isa = PBXFileReference; lastKnownFileType = sourcecode.swift; path = EntityFinancialSection.swift; sourceTree = "<group>"; };
		EB1B29DAC60F037256F73FC3 /* PulsingOrbView.swift */ = {isa = PBXFileReference; lastKnownFileType = sourcecode.swift; path = PulsingOrbView.swift; sourceTree = "<group>"; };
		ED204010D74AB9325095BD9A /* DocumentScannerService.swift */ = {isa = PBXFileReference; lastKnownFileType = sourcecode.swift; path = DocumentScannerService.swift; sourceTree = "<group>"; };
		F564E5574B9B03EDA84362FA /* FinancialReceiptView.swift */ = {isa = PBXFileReference; lastKnownFileType = sourcecode.swift; path = FinancialReceiptView.swift; sourceTree = "<group>"; };
		FB03F357FB890C8E4972D112 /* SharedComponents.swift */ = {isa = PBXFileReference; lastKnownFileType = sourcecode.swift; path = SharedComponents.swift; sourceTree = "<group>"; };
		FCF8AFCC4B90998C49582363 /* PlaidService.swift */ = {isa = PBXFileReference; lastKnownFileType = sourcecode.swift; path = PlaidService.swift; sourceTree = "<group>"; };
/* End PBXFileReference section */

/* Begin PBXFrameworksBuildPhase section */
		A1E7C37194231F4D5C29540A /* Frameworks */ = {
			isa = PBXFrameworksBuildPhase;
			buildActionMask = 2147483647;
			files = (
				1236B3FD91C4A1A1168A6272 /* Supabase in Frameworks */,
				C039D8C90239DB0F79A528D1 /* GoogleSignIn in Frameworks */,
				189E1829B80CB9B844D8C41E /* LinkKit in Frameworks */,
			);
			runOnlyForDeploymentPostprocessing = 0;
		};
/* End PBXFrameworksBuildPhase section */

/* Begin PBXGroup section */
		28D9F06A2E48FFCC1958B7B9 /* Onboarding */ = {
			isa = PBXGroup;
			children = (
				5B13CF9B64BA8A6907DE1803 /* SpotlightOverlay.swift */,
				59350929451728D7E6E54F26 /* TutorialSheetView.swift */,
			);
			path = Onboarding;
			sourceTree = "<group>";
		};
		3696D93244084E7BD912BD0C /* ViewModels */ = {
			isa = PBXGroup;
			children = (
				9E1FB05FF46D194404F4544A /* AppState.swift */,
				708E295DDABD085515D80626 /* AppViewModel.swift */,
				4C3A8B1889223B777ECDA81B /* AuthViewModel.swift */,
				D1A73D787862A2955DEB8BEA /* OnboardingStateManager.swift */,
				3A535B55E87E3170B0FCDF4C /* SandboxSeeder.swift */,
			);
			path = ViewModels;
			sourceTree = "<group>";
		};
		44AC0B46B4B160D20BFFC1DD /* Company */ = {
			isa = PBXGroup;
			children = (
				556340A3A5DAA4657EC93B4C /* CompanyDetailView.swift */,
				28AA97D0931C9A2302F11955 /* CompanyMetaSheet.swift */,
				186B017061EAE6E89C627CA7 /* EditCompanySheet.swift */,
				2CF48E4CD47CB8708C09D8A6 /* EntityHomeView.swift */,
				E5ACE6215663A4836222052E /* HomeBillingTimeline.swift */,
				9D855706F59A3903694ED1DB /* HomeRenewalParser.swift */,
				7A3C9F1C0E6FC036776AE9BD /* EntityHome */,
			);
			path = Company;
			sourceTree = "<group>";
		};
		659E8EBED03990059CDE9CEC /* Financial */ = {
			isa = PBXGroup;
			children = (
				8C7D524ABF1B87C51AF7A4F0 /* AddFinancialWizard.swift */,
				80C5721AAFA5C0FA7BE0DD68 /* EditCardSheet.swift */,
				80C5721BAFA5C0FA7BE0DD69 /* CardScannerView.swift */,
				BDBCB5764099D4AE9682B4E0 /* EditInstitutionSheet.swift */,
				C8AE50B1DF4829E44C696A33 /* EditLoanSheet.swift */,
				0B3404CEE7CFA7CC4809F14D /* FinancialCardHUD.swift */,
				88F0A2079C593115BD54D73D /* FinancialCardView.swift */,
				6270511A82E324E0EC29FE87 /* FinancialCardVisual.swift */,
				D41C9EDA3C03BC51214E35D5 /* FinancialView.swift */,
				2E4DFF2E12CA02748A1371FB /* InstitutionAccountHUD.swift */,
				54774DFBBCD027BA0D258CD4 /* InstitutionAccountsSection.swift */,
				246C3FC623F0712EFC4736F7 /* InstitutionCardsSection.swift */,
				8420D6DD0A4EDC3376B8642A /* InstitutionCardView.swift */,
				5A82B3A6CDCB537466084741 /* InstitutionLoansSection.swift */,
				206BF5A20D625639D22919AC /* LoanCardView.swift */,
				E37853EBF92DDAF1AC5B60F9 /* LoanHUD.swift */,
				51709EB17732D39C82A99011 /* LoanPaymentHUD.swift */,
				AE0F04DC776E814CFF7A687D /* LoanPaymentsLedgerView.swift */,
				2977C629E97631FFAE00EEFD /* PlaidLinkButton.swift */,
				AA11223344556677889900AA /* DetectedSubscriptionsView.swift */,
				CFBEB3A6723B073A9EA5CEFD /* StackedInstitutionDeckView.swift */,
			);
			path = Financial;
			sourceTree = "<group>";
		};
		670704F428ABE79D32CC1C46 = {
			isa = PBXGroup;
			children = (
				E5F79FFC0C21D2B1B768324F /* Zifr */,
				C1137BCA9225C4E162AE5080 /* Products */,
			);
			sourceTree = "<group>";
		};
		6C5BB7DDB1241705A4A8100C /* Auth */ = {
			isa = PBXGroup;
			children = (
				A805E3AF7A5C2535E780EF24 /* LoginView.swift */,
				227F3111EFA9B5F57450796E /* ForgotPasswordSheet.swift */,
				CB6907BC498BB2697B95920A /* ResetPasswordSheet.swift */,
			);
			path = Auth;
			sourceTree = "<group>";
		};
		7A3C9F1C0E6FC036776AE9BD /* EntityHome */ = {
			isa = PBXGroup;
			children = (
				2348CF988672E52D0C0A67C9 /* EntityDocumentSection.swift */,
				EADD3910E456306839C231FF /* EntityFinancialSection.swift */,
				49911BBD98F14E05FC2A96B7 /* EntityHomeViewModel.swift */,
				9527B3A94D5AF9697F46A147 /* EntitySubscriptionSection.swift */,
				F564E5574B9B03EDA84362FA /* FinancialReceiptView.swift */,
			);
			path = EntityHome;
			sourceTree = "<group>";
		};
		844F69209D6BBB439B442A96 /* Dashboard */ = {
			isa = PBXGroup;
			children = (
				73663491A43CB99703F9853B /* CompanyCardView.swift */,
				9602D7532DE04DFA8294ACAE /* DashboardView.swift */,
				7B71EF771688F43D6934DFB6 /* SharedItemCardView.swift */,
				9E67F6233E34F02957BC04A3 /* SharedItemOverrideBanner.swift */,
			);
			path = Dashboard;
			sourceTree = "<group>";
		};
		87A8FF7DCF06E400CFBA82C0 /* Documents */ = {
			isa = PBXGroup;
			children = (
				DE716A0EE836D6C85D35CA28 /* DocumentListView.swift */,
			);
			path = Documents;
			sourceTree = "<group>";
		};
		9772A80219031D52B9EBF3E8 /* Services */ = {
			isa = PBXGroup;
			children = (
				C9E5CF10B11366A7F77DE656 /* DataRepository.swift */,
				ED204010D74AB9325095BD9A /* DocumentScannerService.swift */,
				D2D29FAAC42DB16C9DB89283 /* GeminiService.swift */,
				FCF8AFCC4B90998C49582363 /* PlaidService.swift */,
				0931BDA073A93591B071DF97 /* SupabaseService.swift */,
				ECDB918844F10369E6DD366E /* AI */,
			);
			path = Services;
			sourceTree = "<group>";
		};
		9D14F0BAE3407DAB2FE1606F /* Subscriptions */ = {
			isa = PBXGroup;
			children = (
				963885CDE8BC1E19192BDAEC /* AddSubscriptionWizard.swift */,
				99D7628D8C499839405F0CB0 /* EditSubscriptionSheet.swift */,
				78234E057971B6C798716C8A /* PremiumSubscriptionCard.swift */,
				E254651338FC3ED687C1BF3F /* SubscriptionListView.swift */,
				C2E5474636781197EFD277E8 /* SubscriptionReceiptView.swift */,
			);
			path = Subscriptions;
			sourceTree = "<group>";
		};
		A23A166DDC9FE72B93A42FA9 /* Extensions */ = {
			isa = PBXGroup;
			children = (
				3141954F83AF71011D282471 /* Color+Zifr.swift */,
				C1CA7408BE63B84A63BABDB8 /* Date+Formatting.swift */,
				7AD6CB05D630BFE8F57AD702 /* View+Glass.swift */,
			);
			path = Extensions;
			sourceTree = "<group>";
		};
		B4C8B60BB13DEF6E8F895B5E /* Components */ = {
			isa = PBXGroup;
			children = (
				8F3768F1DD23EBF603D6EDDB /* CloudSharingView.swift */,
				96AFA05E28920F297646C677 /* CompanyAvatar.swift */,
				FB03F357FB890C8E4972D112 /* SharedComponents.swift */,
				61A850DC5075A689B18E8282 /* ZifrSwipeActions.swift */,
			);
			path = Components;
			sourceTree = "<group>";
		};
		BCED4C564BEE41BE27D5817A /* Assistant */ = {
			isa = PBXGroup;
			children = (
				87AD7276DE1CE262ED62428E /* AssistantOnboardingView.swift */,
				EB1B29DAC60F037256F73FC3 /* PulsingOrbView.swift */,
			);
			path = Assistant;
			sourceTree = "<group>";
		};
		C1137BCA9225C4E162AE5080 /* Products */ = {
			isa = PBXGroup;
			children = (
				03CAB6D4DDF65D7F0680343C /* Zifr.app */,
			);
			name = Products;
			sourceTree = "<group>";
		};
		C1AA476FBE894000904BEFDD /* Views */ = {
			isa = PBXGroup;
			children = (
				032520FD864A3B1FF73C81A0 /* AdminSettingsView.swift */,
				48FACB377EF3DEDCA10F5A3E /* RootView.swift */,
				BCED4C564BEE41BE27D5817A /* Assistant */,
				6C5BB7DDB1241705A4A8100C /* Auth */,
				44AC0B46B4B160D20BFFC1DD /* Company */,
				B4C8B60BB13DEF6E8F895B5E /* Components */,
				844F69209D6BBB439B442A96 /* Dashboard */,
				87A8FF7DCF06E400CFBA82C0 /* Documents */,
				659E8EBED03990059CDE9CEC /* Financial */,
				E882E25BA727BC3B31BDEAA8 /* Search */,
				9D14F0BAE3407DAB2FE1606F /* Subscriptions */,
				94404D955B8D06F50A12AB6D /* EditProfileView.swift */,
				A16D6BBDF83C69BAE06B41FC /* PremiumUpgradeView.swift */,
				CC66ED993A18713ED859F4C2 /* ActivityLogsView.swift */,
				C022DD3ABEFB2F9B7AD38355 /* ActivityLogsView.swift */,
				7D5A707FAC0A5EAF6CD9EDA1 /* ActivityLogsView.swift */,
				E887249A0FFD7B7E241F697F /* DeleteAccountView.swift */,
				28D9F06A2E48FFCC1958B7B9 /* Onboarding */,
			);
			path = Views;
			sourceTree = "<group>";
		};
		E5F79FFC0C21D2B1B768324F /* Zifr */ = {
			isa = PBXGroup;
			children = (
				AC3CC8DCAA09EB5F037AA043 /* .svg */,
				71651E9BD50563BBC43440CD /* Assets.xcassets */,
				DCADE3750A4CFA0353D88977 /* Info.plist */,
				06F23A18826AE30784B43EF1 /* logo.png */,
				2F29D9FCB918B70318DBED51 /* make_symbol.py */,
				92717522EB1C824EB367EF4D /* miloom.console.svg */,
				0BC09D962F2587315597B9DD /* patch_svg.py */,
				AF3E68AC8EB242191A2179B1 /* patch_svg2.py */,
				90DB2F263B4BBBE8096C1D54 /* patch.py */,
				0ACC52E30ED6C458351E1CC0 /* patch2.py */,
				797AE05279D7D14F7410992C /* Secrets.local.xcconfig */,
				2E23D2AE452D41F40D63BCAE /* Zifr.entitlements */,
				413C5A710215BBAF96C2E51F /* ZifrApp.swift */,
				A23A166DDC9FE72B93A42FA9 /* Extensions */,
				F9F60F63C03CE23D6D99D998 /* Models */,
				9772A80219031D52B9EBF3E8 /* Services */,
				3696D93244084E7BD912BD0C /* ViewModels */,
				C1AA476FBE894000904BEFDD /* Views */,
			);
			path = Zifr;
			sourceTree = "<group>";
		};
		E882E25BA727BC3B31BDEAA8 /* Search */ = {
			isa = PBXGroup;
			children = (
				E0616C7556254F7EE8C39FF3 /* GlobalSearchView.swift */,
			);
			path = Search;
			sourceTree = "<group>";
		};
		ECDB918844F10369E6DD366E /* AI */ = {
			isa = PBXGroup;
			children = (
				D566C75171D24A33263FD868 /* AudioCaptureManager.swift */,
				035737E80A51990996AF6F2E /* AudioPlaybackManager.swift */,
				0F79056214FD3154519E3427 /* GeminiLiveClient.swift */,
				2E25EDBCCD886BA5EE5BA4F7 /* GeminiLiveModels.swift */,
			);
			path = AI;
			sourceTree = "<group>";
		};
		F9F60F63C03CE23D6D99D998 /* Models */ = {
			isa = PBXGroup;
			children = (
				75FA7DD2F2423504DA06F6D9 /* Company.swift */,
				C9AA15572DE4A8323574FF99 /* CompanyDocument.swift */,
				0F35D3D91F4D431D42B40709 /* FinancialCard.swift */,
				008FF13CD7DB43FB47297A75 /* Institution.swift */,
				D89FF19CB274064BB06D6017 /* Loan.swift */,
				BB13F6178324168ED9317DB1 /* Subscription.swift */,
				88C594CA72D48122B0D50169 /* ActivityLog.swift */,
				4101F9620312FEC6BD9A1DD3 /* ActivityLog.swift */,
				82874C2FA810A11EFA0AFE8B /* ActivityLog.swift */,
				0FF914A66D8DE13EC1D9C345 /* AppNotification.swift */,
			);
			path = Models;
			sourceTree = "<group>";
		};
/* End PBXGroup section */

/* Begin PBXNativeTarget section */
		DFA8A0CFBEEDA205986E9DFC /* Zifr */ = {
			isa = PBXNativeTarget;
			buildConfigurationList = 5919B4131641AC1ABCFB126C /* Build configuration list for PBXNativeTarget "Zifr" */;
			buildPhases = (
				D85D109333895712E5F3B201 /* Sources */,
				0A7B99508E791C2511EA8DCA /* Resources */,
				A1E7C37194231F4D5C29540A /* Frameworks */,
			);
			buildRules = (
			);
			dependencies = (
			);
			name = Zifr;
			packageProductDependencies = (
				2B6CE6B7CD844A5737460A2C /* Supabase */,
				9C3A87C6A9399B175E90556D /* GoogleSignIn */,
				A552648B2364521A312D20B0 /* LinkKit */,
			);
			productName = Zifr;
			productReference = 03CAB6D4DDF65D7F0680343C /* Zifr.app */;
			productType = "com.apple.product-type.application";
		};
/* End PBXNativeTarget section */

/* Begin PBXProject section */
		36836640F099EE7F8DC583D4 /* Project object */ = {
			isa = PBXProject;
			attributes = {
				BuildIndependentTargetsInParallel = YES;
				LastUpgradeCheck = 1600;
			};
			buildConfigurationList = 3E1FBE7A6D1150C9D1962549 /* Build configuration list for PBXProject "Zifr" */;
			developmentRegion = en;
			hasScannedForEncodings = 0;
			knownRegions = (
				Base,
				en,
			);
			mainGroup = 670704F428ABE79D32CC1C46;
			minimizedProjectReferenceProxies = 1;
			packageReferences = (
				49F07709DBFD6F4EEE298D30 /* XCRemoteSwiftPackageReference "GoogleSignIn-iOS" */,
				945FDFC90B5C5A6A89F34609 /* XCRemoteSwiftPackageReference "plaid-link-ios-spm" */,
				7B2B3636121D39BE37102BAE /* XCRemoteSwiftPackageReference "supabase-swift" */,
			);
			preferredProjectObjectVersion = 77;
			productRefGroup = C1137BCA9225C4E162AE5080 /* Products */;
			projectDirPath = "";
			projectRoot = "";
			targets = (
				DFA8A0CFBEEDA205986E9DFC /* Zifr */,
			);
		};
/* End PBXProject section */

/* Begin PBXResourcesBuildPhase section */
		0A7B99508E791C2511EA8DCA /* Resources */ = {
			isa = PBXResourcesBuildPhase;
			buildActionMask = 2147483647;
			files = (
				9F8AB0B20BB460B7A553892B /* Assets.xcassets in Resources */,
				B32A5DEDA68DB7F2A6A8D593 /* logo.png in Resources */,
				1220409E829B6826E5F98B62 /* make_symbol.py in Resources */,
				35D7AD052A31B0416172216F /* miloom.console.svg in Resources */,
				AA347BC4FF41CCA325EC3B99 /* patch.py in Resources */,
				F2ECD35FF479C6DACC511E83 /* patch2.py in Resources */,
				C7C30C6E7A58FB2F27CD53A8 /* patch_svg.py in Resources */,
				406D74E6936B09401F18B8A8 /* patch_svg2.py in Resources */,
			);
			runOnlyForDeploymentPostprocessing = 0;
		};
/* End PBXResourcesBuildPhase section */

/* Begin PBXSourcesBuildPhase section */
		D85D109333895712E5F3B201 /* Sources */ = {
			isa = PBXSourcesBuildPhase;
			buildActionMask = 2147483647;
			files = (
				8D148D138EA70E05BAE81DCC /* AddFinancialWizard.swift in Sources */,
				7FFDE677BAC44E67A0FFA844 /* AddSubscriptionWizard.swift in Sources */,
				CBCCF60367A5BD08461E105B /* AdminSettingsView.swift in Sources */,
				24BD94852802E5649BA31668 /* AppState.swift in Sources */,
				F705C282AF1344042610936A /* AppViewModel.swift in Sources */,
				B4E35BB704A7A07FF4050F2A /* AssistantOnboardingView.swift in Sources */,
				8A070A7615864E49CB8499F5 /* AudioCaptureManager.swift in Sources */,
				8AFCA9C0E6F4B81083C49B31 /* AudioPlaybackManager.swift in Sources */,
				12D549DB5F31C13636000491 /* AuthViewModel.swift in Sources */,
				3AF0A84AEBE96A22545D0039 /* CloudSharingView.swift in Sources */,
				C0602B559E7624043CF0A151 /* Color+Zifr.swift in Sources */,
				BA57027EA5350F4639B6C911 /* Company.swift in Sources */,
				0BFFDDE1FF715E861E2482EB /* CompanyAvatar.swift in Sources */,
				656E6D3AAA4F61BC73C58401 /* CompanyCardView.swift in Sources */,
				94EAFF286FE05D22665C6B45 /* CompanyDetailView.swift in Sources */,
				5970666C186E2CA75860907F /* CompanyDocument.swift in Sources */,
				CD0308E14A8A6FD71D3348AC /* CompanyMetaSheet.swift in Sources */,
				BD36B621F86387C0246A6622 /* DashboardView.swift in Sources */,
				5921C64C073EA205947D4777 /* DataRepository.swift in Sources */,
				67636BB971C2E199B6398175 /* Date+Formatting.swift in Sources */,
				F583B5C82FBD983E6CA21FB5 /* DocumentListView.swift in Sources */,
				E47D3D940DF56A8FE62E9AF8 /* DocumentScannerService.swift in Sources */,
				0E12DFAB3B1D3B37EB2CE881 /* EditCardSheet.swift in Sources */,
				0E12DFAC3B1D3B37EB2CE882 /* CardScannerView.swift in Sources */,
				9E040A6F88CC7D7A62E89E4D /* EditCompanySheet.swift in Sources */,
				0FCDDFBF48121C0333B66A5B /* EditInstitutionSheet.swift in Sources */,
				E4899788A1B2E80B89DBC55B /* EditLoanSheet.swift in Sources */,
				ABA2C5C643E4E50FCA14EF7F /* EditSubscriptionSheet.swift in Sources */,
				809A04619167553B473B316F /* EntityDocumentSection.swift in Sources */,
				37B0F281A99CE1B9EE9F767B /* EntityFinancialSection.swift in Sources */,
				A32D11858DDB46DD8DE60746 /* EntityHomeView.swift in Sources */,
				73D5A6C76807E119730217CA /* EntityHomeViewModel.swift in Sources */,
				D6AFA52C2ADFDF00DC72DC85 /* EntitySubscriptionSection.swift in Sources */,
				8FDA92009DE2B8708CCEC374 /* FinancialCard.swift in Sources */,
				2D36949DE96309F0EA2BEEB1 /* FinancialCardHUD.swift in Sources */,
				9A7B54181BD07A78D10F084A /* FinancialCardView.swift in Sources */,
				74D76977C55D740A6CB6337A /* FinancialCardVisual.swift in Sources */,
				E8C0EDD7920B1ECC3814BB0E /* FinancialReceiptView.swift in Sources */,
				46CFAE72D8A339D9D82C3BFC /* FinancialView.swift in Sources */,
				FC2184DCACD5FE946FD1A704 /* GeminiLiveClient.swift in Sources */,
				69D91C3C7B5CDA51965F9B7C /* GeminiLiveModels.swift in Sources */,
				F3D4FC31B24A27032848AF07 /* GeminiService.swift in Sources */,
				7C8880D956CBD98BEEFA0F69 /* GlobalSearchView.swift in Sources */,
				E03225E193203FE61013AC61 /* HomeBillingTimeline.swift in Sources */,
				9102B68AD2A515E65924160E /* HomeRenewalParser.swift in Sources */,
				DEEB7F47CBCE5D07C0F17701 /* Institution.swift in Sources */,
				09BE6FE2E56BFD9B7C1144A2 /* InstitutionAccountHUD.swift in Sources */,
				14A2247437EA0CAD1549F8A6 /* InstitutionAccountsSection.swift in Sources */,
				A0B2A5A9ED1C02486EF9C924 /* InstitutionCardView.swift in Sources */,
				40C9CCA521F7F73BCCBDB876 /* InstitutionCardsSection.swift in Sources */,
				A6B2302D278D7081A58C3C68 /* InstitutionLoansSection.swift in Sources */,
				22D969D0670A82296E3CCE6B /* Loan.swift in Sources */,
				B3A8909C689D31BD31D17AE7 /* LoanCardView.swift in Sources */,
				36AB8B6A02E69F639D65509F /* LoanHUD.swift in Sources */,
				9B00DF7E0D111A0B13F45A72 /* LoanPaymentHUD.swift in Sources */,
				11C307B50284B8741303CEFA /* LoanPaymentsLedgerView.swift in Sources */,
				7CCEAABFA9D6A6E79EE5F208 /* LoginView.swift in Sources */,
				2B70095DAD91F32DD56DE591 /* PlaidLinkButton.swift in Sources */,
				BB11223344556677889900BB /* DetectedSubscriptionsView.swift in Sources */,
				53CC3CCB9973D82B1584B025 /* PlaidService.swift in Sources */,
				95ED5E78DF0FB2BF6BE116C5 /* PremiumSubscriptionCard.swift in Sources */,
				D700225A0629126977797528 /* PulsingOrbView.swift in Sources */,
				77DAA496C236F6E1F48B4E25 /* RootView.swift in Sources */,
				7C20858C14F22D7330FC76BE /* SharedComponents.swift in Sources */,
				97F4951B0BB0D4281C26DBAE /* Subscription.swift in Sources */,
				7F5587DB6B51FFC6F517FD51 /* SubscriptionListView.swift in Sources */,
				207C9BFEFAC75097C2826E47 /* SubscriptionReceiptView.swift in Sources */,
				5EBA22404FBAACD632D6D989 /* SupabaseService.swift in Sources */,
				70EE39CA7BCCCD2D63E45822 /* View+Glass.swift in Sources */,
				371AC08147C6E7EC3920E8DB /* ZifrApp.swift in Sources */,
				DEB7FEBFA4823EF00C95AB90 /* ZifrSwipeActions.swift in Sources */,
				8C6E420FD79CFF06AB7AF830 /* ForgotPasswordSheet.swift in Sources */,
				E30DF1991208D368B9CFA9B6 /* EditProfileView.swift in Sources */,
				6C46EFBD69964364C9C5EDB4 /* PremiumUpgradeView.swift in Sources */,
				C2A80EF26F1341EAEA278F1D /* ResetPasswordSheet.swift in Sources */,
				07549C6F481951A912F9ECEC /* ActivityLog.swift in Sources */,
				150D6ECC5C371A409D1022BD /* ActivityLogsView.swift in Sources */,
				F3C8F7FCF07D7EB18920A54B /* ActivityLog.swift in Sources */,
				040C1B465BBF9CDEDF000CCD /* ActivityLogsView.swift in Sources */,
				A11DE0D539BEB2F0016966BF /* ActivityLog.swift in Sources */,
				513378D112E827E79B6F1F5A /* ActivityLogsView.swift in Sources */,
				C17CE6E90B2016E15BF600A8 /* SharedItemCardView.swift in Sources */,
				24A7E43856B3A1263C086E64 /* SharedItemOverrideBanner.swift in Sources */,
				B6582BA1C78A9599865EC1D8 /* AppNotification.swift in Sources */,
				4A16AEBEDD46F3A2F0A25E0E /* DeleteAccountView.swift in Sources */,
				DBF7B3F9D3433E1CA369520D /* OnboardingStateManager.swift in Sources */,
				E9C91760B61AA7765091D5E9 /* SpotlightOverlay.swift in Sources */,
				72BC06A839A641B99C1899EF /* TutorialSheetView.swift in Sources */,
				2C3A0A6F5F8542F4BC590FC1 /* SandboxSeeder.swift in Sources */,
				E86994340C958D7C23B0A92A /* StackedInstitutionDeckView.swift in Sources */,
			);
			runOnlyForDeploymentPostprocessing = 0;
		};
/* End PBXSourcesBuildPhase section */

/* Begin XCBuildConfiguration section */
		336C97334D573DA73038B0E7 /* Debug */ = {
			isa = XCBuildConfiguration;
			buildSettings = {
				ASSETCATALOG_COMPILER_APPICON_NAME = AppIcon;
				CODE_SIGN_ENTITLEMENTS = Zifr/Zifr.entitlements;
				CODE_SIGN_IDENTITY = "iPhone Developer";
				CURRENT_PROJECT_VERSION = 6;
				DEVELOPMENT_TEAM = WYYJ6FGYRP;
				INFOPLIST_FILE = Zifr/Info.plist;
				INFOPLIST_KEY_CFBundleDisplayName = Miloom;
				INFOPLIST_KEY_LSApplicationCategoryType = "public.app-category.productivity";
				LD_RUNPATH_SEARCH_PATHS = (
					"$(inherited)",
					"@executable_path/Frameworks",
				);
				PRODUCT_BUNDLE_IDENTIFIER = com.vibing.miloom;
				SDKROOT = iphoneos;
				TARGETED_DEVICE_FAMILY = "1,2";
			};
			name = Debug;
		};
		382625644CADD92E53878E37 /* Release */ = {
			isa = XCBuildConfiguration;
			buildSettings = {
				ASSETCATALOG_COMPILER_APPICON_NAME = AppIcon;
				CODE_SIGN_ENTITLEMENTS = Zifr/Zifr.entitlements;
				CODE_SIGN_IDENTITY = "iPhone Developer";
				CURRENT_PROJECT_VERSION = 6;
				DEVELOPMENT_TEAM = WYYJ6FGYRP;
				INFOPLIST_FILE = Zifr/Info.plist;
				INFOPLIST_KEY_CFBundleDisplayName = Miloom;
				INFOPLIST_KEY_LSApplicationCategoryType = "public.app-category.productivity";
				LD_RUNPATH_SEARCH_PATHS = (
					"$(inherited)",
					"@executable_path/Frameworks",
				);
				PRODUCT_BUNDLE_IDENTIFIER = com.vibing.miloom;
				SDKROOT = iphoneos;
				TARGETED_DEVICE_FAMILY = "1,2";
			};
			name = Release;
		};
		5612E3DDD1D04219D9FB3244 /* Debug */ = {
			isa = XCBuildConfiguration;
			buildSettings = {
				ALWAYS_SEARCH_USER_PATHS = NO;
				CLANG_ANALYZER_NONNULL = YES;
				CLANG_ANALYZER_NUMBER_OBJECT_CONVERSION = YES_AGGRESSIVE;
				CLANG_CXX_LANGUAGE_STANDARD = "gnu++14";
				CLANG_CXX_LIBRARY = "libc++";
				CLANG_ENABLE_MODULES = YES;
				CLANG_ENABLE_OBJC_ARC = YES;
				CLANG_ENABLE_OBJC_WEAK = YES;
				CLANG_WARN_BLOCK_CAPTURE_AUTORELEASING = YES;
				CLANG_WARN_BOOL_CONVERSION = YES;
				CLANG_WARN_COMMA = YES;
				CLANG_WARN_CONSTANT_CONVERSION = YES;
				CLANG_WARN_DEPRECATED_OBJC_IMPLEMENTATIONS = YES;
				CLANG_WARN_DIRECT_OBJC_ISA_USAGE = YES_ERROR;
				CLANG_WARN_DOCUMENTATION_COMMENTS = YES;
				CLANG_WARN_EMPTY_BODY = YES;
				CLANG_WARN_ENUM_CONVERSION = YES;
				CLANG_WARN_INFINITE_RECURSION = YES;
				CLANG_WARN_INT_CONVERSION = YES;
				CLANG_WARN_NON_LITERAL_NULL_CONVERSION = YES;
				CLANG_WARN_OBJC_IMPLICIT_RETAIN_SELF = YES;
				CLANG_WARN_OBJC_LITERAL_CONVERSION = YES;
				CLANG_WARN_OBJC_ROOT_CLASS = YES_ERROR;
				CLANG_WARN_QUOTED_INCLUDE_IN_FRAMEWORK_HEADER = YES;
				CLANG_WARN_RANGE_LOOP_ANALYSIS = YES;
				CLANG_WARN_STRICT_PROTOTYPES = YES;
				CLANG_WARN_SUSPICIOUS_MOVE = YES;
				CLANG_WARN_UNGUARDED_AVAILABILITY = YES_AGGRESSIVE;
				CLANG_WARN_UNREACHABLE_CODE = YES;
				CLANG_WARN__DUPLICATE_METHOD_MATCH = YES;
				COPY_PHASE_STRIP = NO;
				CURRENT_PROJECT_VERSION = 1;
				DEBUG_INFORMATION_FORMAT = dwarf;
				DEVELOPMENT_TEAM = "";
				ENABLE_PREVIEWS = YES;
				ENABLE_STRICT_OBJC_MSGSEND = YES;
				ENABLE_TESTABILITY = YES;
				GCC_C_LANGUAGE_STANDARD = gnu11;
				GCC_DYNAMIC_NO_PIC = NO;
				GCC_NO_COMMON_BLOCKS = YES;
				GCC_OPTIMIZATION_LEVEL = 0;
				GCC_PREPROCESSOR_DEFINITIONS = (
					"$(inherited)",
					"DEBUG=1",
				);
				GCC_WARN_64_TO_32_BIT_CONVERSION = YES;
				GCC_WARN_ABOUT_RETURN_TYPE = YES_ERROR;
				GCC_WARN_UNDECLARED_SELECTOR = YES;
				GCC_WARN_UNINITIALIZED_AUTOS = YES_AGGRESSIVE;
				GCC_WARN_UNUSED_FUNCTION = YES;
				GCC_WARN_UNUSED_VARIABLE = YES;
				GENERATE_INFOPLIST_FILE = NO;
				INFOPLIST_FILE = Zifr/Info.plist;
				IPHONEOS_DEPLOYMENT_TARGET = 17.0;
				MARKETING_VERSION = 1.0;
				MTL_ENABLE_DEBUG_INFO = INCLUDE_SOURCE;
				MTL_FAST_MATH = YES;
				ONLY_ACTIVE_ARCH = YES;
				PRODUCT_BUNDLE_IDENTIFIER = com.vibing.miloom;
				PRODUCT_NAME = "$(TARGET_NAME)";
				SDKROOT = iphoneos;
				SWIFT_ACTIVE_COMPILATION_CONDITIONS = DEBUG;
				SWIFT_OPTIMIZATION_LEVEL = "-Onone";
				SWIFT_VERSION = 5.9;
			};
			name = Debug;
		};
		D465BEEA0C5F9C74BE561CF3 /* Release */ = {
			isa = XCBuildConfiguration;
			buildSettings = {
				ALWAYS_SEARCH_USER_PATHS = NO;
				CLANG_ANALYZER_NONNULL = YES;
				CLANG_ANALYZER_NUMBER_OBJECT_CONVERSION = YES_AGGRESSIVE;
				CLANG_CXX_LANGUAGE_STANDARD = "gnu++14";
				CLANG_CXX_LIBRARY = "libc++";
				CLANG_ENABLE_MODULES = YES;
				CLANG_ENABLE_OBJC_ARC = YES;
				CLANG_ENABLE_OBJC_WEAK = YES;
				CLANG_WARN_BLOCK_CAPTURE_AUTORELEASING = YES;
				CLANG_WARN_BOOL_CONVERSION = YES;
				CLANG_WARN_COMMA = YES;
				CLANG_WARN_CONSTANT_CONVERSION = YES;
				CLANG_WARN_DEPRECATED_OBJC_IMPLEMENTATIONS = YES;
				CLANG_WARN_DIRECT_OBJC_ISA_USAGE = YES_ERROR;
				CLANG_WARN_DOCUMENTATION_COMMENTS = YES;
				CLANG_WARN_EMPTY_BODY = YES;
				CLANG_WARN_ENUM_CONVERSION = YES;
				CLANG_WARN_INFINITE_RECURSION = YES;
				CLANG_WARN_INT_CONVERSION = YES;
				CLANG_WARN_NON_LITERAL_NULL_CONVERSION = YES;
				CLANG_WARN_OBJC_IMPLICIT_RETAIN_SELF = YES;
				CLANG_WARN_OBJC_LITERAL_CONVERSION = YES;
				CLANG_WARN_OBJC_ROOT_CLASS = YES_ERROR;
				CLANG_WARN_QUOTED_INCLUDE_IN_FRAMEWORK_HEADER = YES;
				CLANG_WARN_RANGE_LOOP_ANALYSIS = YES;
				CLANG_WARN_STRICT_PROTOTYPES = YES;
				CLANG_WARN_SUSPICIOUS_MOVE = YES;
				CLANG_WARN_UNGUARDED_AVAILABILITY = YES_AGGRESSIVE;
				CLANG_WARN_UNREACHABLE_CODE = YES;
				CLANG_WARN__DUPLICATE_METHOD_MATCH = YES;
				COPY_PHASE_STRIP = NO;
				CURRENT_PROJECT_VERSION = 1;
				DEBUG_INFORMATION_FORMAT = "dwarf-with-dsym";
				DEVELOPMENT_TEAM = "";
				ENABLE_NS_ASSERTIONS = NO;
				ENABLE_PREVIEWS = YES;
				ENABLE_STRICT_OBJC_MSGSEND = YES;
				GCC_C_LANGUAGE_STANDARD = gnu11;
				GCC_NO_COMMON_BLOCKS = YES;
				GCC_WARN_64_TO_32_BIT_CONVERSION = YES;
				GCC_WARN_ABOUT_RETURN_TYPE = YES_ERROR;
				GCC_WARN_UNDECLARED_SELECTOR = YES;
				GCC_WARN_UNINITIALIZED_AUTOS = YES_AGGRESSIVE;
				GCC_WARN_UNUSED_FUNCTION = YES;
				GCC_WARN_UNUSED_VARIABLE = YES;
				GENERATE_INFOPLIST_FILE = NO;
				INFOPLIST_FILE = Zifr/Info.plist;
				IPHONEOS_DEPLOYMENT_TARGET = 17.0;
				MARKETING_VERSION = 1.0;
				MTL_ENABLE_DEBUG_INFO = NO;
				MTL_FAST_MATH = YES;
				PRODUCT_BUNDLE_IDENTIFIER = com.vibing.miloom;
				PRODUCT_NAME = "$(TARGET_NAME)";
				SDKROOT = iphoneos;
				SWIFT_COMPILATION_MODE = wholemodule;
				SWIFT_OPTIMIZATION_LEVEL = "-O";
				SWIFT_VERSION = 5.9;
			};
			name = Release;
		};
/* End XCBuildConfiguration section */

/* Begin XCConfigurationList section */
		3E1FBE7A6D1150C9D1962549 /* Build configuration list for PBXProject "Zifr" */ = {
			isa = XCConfigurationList;
			buildConfigurations = (
				5612E3DDD1D04219D9FB3244 /* Debug */,
				D465BEEA0C5F9C74BE561CF3 /* Release */,
			);
			defaultConfigurationIsVisible = 0;
			defaultConfigurationName = Debug;
		};
		5919B4131641AC1ABCFB126C /* Build configuration list for PBXNativeTarget "Zifr" */ = {
			isa = XCConfigurationList;
			buildConfigurations = (
				336C97334D573DA73038B0E7 /* Debug */,
				382625644CADD92E53878E37 /* Release */,
			);
			defaultConfigurationIsVisible = 0;
			defaultConfigurationName = Debug;
		};
/* End XCConfigurationList section */

/* Begin XCRemoteSwiftPackageReference section */
		49F07709DBFD6F4EEE298D30 /* XCRemoteSwiftPackageReference "GoogleSignIn-iOS" */ = {
			isa = XCRemoteSwiftPackageReference;
			repositoryURL = "https://github.com/google/GoogleSignIn-iOS.git";
			requirement = {
				kind = upToNextMajorVersion;
				minimumVersion = 7.1.0;
			};
		};
		7B2B3636121D39BE37102BAE /* XCRemoteSwiftPackageReference "supabase-swift" */ = {
			isa = XCRemoteSwiftPackageReference;
			repositoryURL = "https://github.com/supabase/supabase-swift.git";
			requirement = {
				kind = upToNextMajorVersion;
				minimumVersion = 2.4.0;
			};
		};
		945FDFC90B5C5A6A89F34609 /* XCRemoteSwiftPackageReference "plaid-link-ios-spm" */ = {
			isa = XCRemoteSwiftPackageReference;
			repositoryURL = "https://github.com/plaid/plaid-link-ios-spm.git";
			requirement = {
				kind = upToNextMajorVersion;
				minimumVersion = 6.4.0;
			};
		};
/* End XCRemoteSwiftPackageReference section */

/* Begin XCSwiftPackageProductDependency section */
		2B6CE6B7CD844A5737460A2C /* Supabase */ = {
			isa = XCSwiftPackageProductDependency;
			package = 7B2B3636121D39BE37102BAE /* XCRemoteSwiftPackageReference "supabase-swift" */;
			productName = Supabase;
		};
		9C3A87C6A9399B175E90556D /* GoogleSignIn */ = {
			isa = XCSwiftPackageProductDependency;
			package = 49F07709DBFD6F4EEE298D30 /* XCRemoteSwiftPackageReference "GoogleSignIn-iOS" */;
			productName = GoogleSignIn;
		};
		A552648B2364521A312D20B0 /* LinkKit */ = {
			isa = XCSwiftPackageProductDependency;
			package = 945FDFC90B5C5A6A89F34609 /* XCRemoteSwiftPackageReference "plaid-link-ios-spm" */;
			productName = LinkKit;
		};
/* End XCSwiftPackageProductDependency section */
	};
	rootObject = 36836640F099EE7F8DC583D4 /* Project object */;
}
